// !$*UTF8*$!
{
	archiveVersion = 1;
	classes = {
	};
	objectVersion = 48;
	objects = {

/* Begin PBXBuildFile section */
		2ED17D31717757C5B0177D75 /* Pods_CodingStandard.framework in Frameworks */ = {isa = PBXBuildFile; fileRef = D62195B0068502A5B512602C /* Pods_CodingStandard.framework */; };
		C1A86A001FAB456C00FF4C9D /* Utilities.swift in Sources */ = {isa = PBXBuildFile; fileRef = C1A869FF1FAB456C00FF4C9D /* Utilities.swift */; };
		C1A86A061FAB473500FF4C9D /* CitiesListVC.swift in Sources */ = {isa = PBXBuildFile; fileRef = C1A86A021FAB473500FF4C9D /* CitiesListVC.swift */; };
		C1A86A071FAB473500FF4C9D /* WeatherDetailsVC.swift in Sources */ = {isa = PBXBuildFile; fileRef = C1A86A031FAB473500FF4C9D /* WeatherDetailsVC.swift */; };
		C1A86A081FAB473500FF4C9D /* CityWeatherCell.swift in Sources */ = {isa = PBXBuildFile; fileRef = C1A86A051FAB473500FF4C9D /* CityWeatherCell.swift */; };
		C1A86A0A1FAB54DE00FF4C9D /* UILable+Animation.swift in Sources */ = {isa = PBXBuildFile; fileRef = C1A86A091FAB54DE00FF4C9D /* UILable+Animation.swift */; };
		C1BF603D1FAADE8500E65378 /* AppDelegate.swift in Sources */ = {isa = PBXBuildFile; fileRef = C1BF603C1FAADE8500E65378 /* AppDelegate.swift */; };
		C1BF60421FAADE8500E65378 /* Main.storyboard in Resources */ = {isa = PBXBuildFile; fileRef = C1BF60401FAADE8500E65378 /* Main.storyboard */; };
		C1BF60441FAADE8500E65378 /* Assets.xcassets in Resources */ = {isa = PBXBuildFile; fileRef = C1BF60431FAADE8500E65378 /* Assets.xcassets */; };
		C1BF60471FAADE8500E65378 /* LaunchScreen.storyboard in Resources */ = {isa = PBXBuildFile; fileRef = C1BF60451FAADE8500E65378 /* LaunchScreen.storyboard */; };
		C1BF60501FAAE73A00E65378 /* Constants.swift in Sources */ = {isa = PBXBuildFile; fileRef = C1BF604F1FAAE73A00E65378 /* Constants.swift */; };
		C1BF60521FAAEA1200E65378 /* NetworkWrapper.swift in Sources */ = {isa = PBXBuildFile; fileRef = C1BF60511FAAEA1100E65378 /* NetworkWrapper.swift */; };
		C1BF60541FAAEC6900E65378 /* Respones.swift in Sources */ = {isa = PBXBuildFile; fileRef = C1BF60531FAAEC6900E65378 /* Respones.swift */; };
		C1BF60611FAB081600E65378 /* CitiesDownloader.swift in Sources */ = {isa = PBXBuildFile; fileRef = C1BF60601FAB081500E65378 /* CitiesDownloader.swift */; };
		C1BF60631FAB084F00E65378 /* WeatherModel.swift in Sources */ = {isa = PBXBuildFile; fileRef = C1BF60621FAB084F00E65378 /* WeatherModel.swift */; };
/* End PBXBuildFile section */

/* Begin PBXFileReference section */
		6D92555ECCD543F1FE376BCA /* Pods-CodingStandard.debug.xcconfig */ = {isa = PBXFileReference; includeInIndex = 1; lastKnownFileType = text.xcconfig; name = "Pods-CodingStandard.debug.xcconfig"; path = "Pods/Target Support Files/Pods-CodingStandard/Pods-CodingStandard.debug.xcconfig"; sourceTree = "<group>"; };
		AD97AF5BAD6D7F15DC4757C9 /* Pods-CodingStandard.release.xcconfig */ = {isa = PBXFileReference; includeInIndex = 1; lastKnownFileType = text.xcconfig; name = "Pods-CodingStandard.release.xcconfig"; path = "Pods/Target Support Files/Pods-CodingStandard/Pods-CodingStandard.release.xcconfig"; sourceTree = "<group>"; };
		C1A869FF1FAB456C00FF4C9D /* Utilities.swift */ = {isa = PBXFileReference; lastKnownFileType = sourcecode.swift; path = Utilities.swift; sourceTree = "<group>"; };
		C1A86A021FAB473500FF4C9D /* CitiesListVC.swift */ = {isa = PBXFileReference; fileEncoding = 4; lastKnownFileType = sourcecode.swift; path = CitiesListVC.swift; sourceTree = "<group>"; };
		C1A86A031FAB473500FF4C9D /* WeatherDetailsVC.swift */ = {isa = PBXFileReference; fileEncoding = 4; lastKnownFileType = sourcecode.swift; path = WeatherDetailsVC.swift; sourceTree = "<group>"; };
		C1A86A051FAB473500FF4C9D /* CityWeatherCell.swift */ = {isa = PBXFileReference; fileEncoding = 4; lastKnownFileType = sourcecode.swift; path = CityWeatherCell.swift; sourceTree = "<group>"; };
		C1A86A091FAB54DE00FF4C9D /* UILable+Animation.swift */ = {isa = PBXFileReference; lastKnownFileType = sourcecode.swift; path = "UILable+Animation.swift"; sourceTree = "<group>"; };
		C1BF60391FAADE8500E65378 /* CodingStandard.app */ = {isa = PBXFileReference; explicitFileType = wrapper.application; includeInIndex = 0; path = CodingStandard.app; sourceTree = BUILT_PRODUCTS_DIR; };
		C1BF603C1FAADE8500E65378 /* AppDelegate.swift */ = {isa = PBXFileReference; lastKnownFileType = sourcecode.swift; path = AppDelegate.swift; sourceTree = "<group>"; };
		C1BF60411FAADE8500E65378 /* Base */ = {isa = PBXFileReference; lastKnownFileType = file.storyboard; name = Base; path = Base.lproj/Main.storyboard; sourceTree = "<group>"; };
		C1BF60431FAADE8500E65378 /* Assets.xcassets */ = {isa = PBXFileReference; lastKnownFileType = folder.assetcatalog; path = Assets.xcassets; sourceTree = "<group>"; };
		C1BF60461FAADE8500E65378 /* Base */ = {isa = PBXFileReference; lastKnownFileType = file.storyboard; name = Base; path = Base.lproj/LaunchScreen.storyboard; sourceTree = "<group>"; };
		C1BF60481FAADE8500E65378 /* Info.plist */ = {isa = PBXFileReference; lastKnownFileType = text.plist.xml; path = Info.plist; sourceTree = "<group>"; };
		C1BF604F1FAAE73A00E65378 /* Constants.swift */ = {isa = PBXFileReference; lastKnownFileType = sourcecode.swift; path = Constants.swift; sourceTree = "<group>"; };
		C1BF60511FAAEA1100E65378 /* NetworkWrapper.swift */ = {isa = PBXFileReference; fileEncoding = 4; lastKnownFileType = sourcecode.swift; path = NetworkWrapper.swift; sourceTree = "<group>"; };
		C1BF60531FAAEC6900E65378 /* Respones.swift */ = {isa = PBXFileReference; fileEncoding = 4; lastKnownFileType = sourcecode.swift; path = Respones.swift; sourceTree = "<group>"; };
		C1BF60601FAB081500E65378 /* CitiesDownloader.swift */ = {isa = PBXFileReference; fileEncoding = 4; lastKnownFileType = sourcecode.swift; path = CitiesDownloader.swift; sourceTree = "<group>"; };
		C1BF60621FAB084F00E65378 /* WeatherModel.swift */ = {isa = PBXFileReference; lastKnownFileType = sourcecode.swift; path = WeatherModel.swift; sourceTree = "<group>"; };
		D62195B0068502A5B512602C /* Pods_CodingStandard.framework */ = {isa = PBXFileReference; explicitFileType = wrapper.framework; includeInIndex = 0; path = Pods_CodingStandard.framework; sourceTree = BUILT_PRODUCTS_DIR; };
/* End PBXFileReference section */

/* Begin PBXFrameworksBuildPhase section */
		C1BF60361FAADE8500E65378 /* Frameworks */ = {
			isa = PBXFrameworksBuildPhase;
			buildActionMask = 2147483647;
			files = (
				2ED17D31717757C5B0177D75 /* Pods_CodingStandard.framework in Frameworks */,
			);
			runOnlyForDeploymentPostprocessing = 0;
		};
/* End PBXFrameworksBuildPhase section */

/* Begin PBXGroup section */
		620A2110447F8A7026E904FB /* Frameworks */ = {
			isa = PBXGroup;
			children = (
				D62195B0068502A5B512602C /* Pods_CodingStandard.framework */,
			);
			name = Frameworks;
			sourceTree = "<group>";
		};
		9E0EBBABAC163C9E04592E48 /* Pods */ = {
			isa = PBXGroup;
			children = (
				6D92555ECCD543F1FE376BCA /* Pods-CodingStandard.debug.xcconfig */,
				AD97AF5BAD6D7F15DC4757C9 /* Pods-CodingStandard.release.xcconfig */,
			);
			name = Pods;
			sourceTree = "<group>";
		};
		C1A86A011FAB473500FF4C9D /* Controllers */ = {
			isa = PBXGroup;
			children = (
				C1A86A021FAB473500FF4C9D /* CitiesListVC.swift */,
				C1A86A031FAB473500FF4C9D /* WeatherDetailsVC.swift */,
			);
			path = Controllers;
			sourceTree = "<group>";
		};
		C1A86A041FAB473500FF4C9D /* Views */ = {
			isa = PBXGroup;
			children = (
				C1A86A051FAB473500FF4C9D /* CityWeatherCell.swift */,
			);
			path = Views;
			sourceTree = "<group>";
		};
		C1BF60301FAADE8500E65378 = {
			isa = PBXGroup;
			children = (
				C1BF603B1FAADE8500E65378 /* CodingStandard */,
				C1BF603A1FAADE8500E65378 /* Products */,
				9E0EBBABAC163C9E04592E48 /* Pods */,
				620A2110447F8A7026E904FB /* Frameworks */,
			);
			sourceTree = "<group>";
		};
		C1BF603A1FAADE8500E65378 /* Products */ = {
			isa = PBXGroup;
			children = (
				C1BF60391FAADE8500E65378 /* CodingStandard.app */,
			);
			name = Products;
			sourceTree = "<group>";
		};
		C1BF603B1FAADE8500E65378 /* CodingStandard */ = {
			isa = PBXGroup;
			children = (
				C1A86A011FAB473500FF4C9D /* Controllers */,
				C1A86A041FAB473500FF4C9D /* Views */,
				C1BF605F1FAB081500E65378 /* Downloaders */,
				C1BF60581FAAFB6000E65378 /* Model */,
				C1BF604E1FAAE70E00E65378 /* Utilities */,
				C1BF603C1FAADE8500E65378 /* AppDelegate.swift */,
				C1BF60401FAADE8500E65378 /* Main.storyboard */,
				C1BF60431FAADE8500E65378 /* Assets.xcassets */,
				C1BF60451FAADE8500E65378 /* LaunchScreen.storyboard */,
				C1BF60481FAADE8500E65378 /* Info.plist */,
			);
			path = CodingStandard;
			sourceTree = "<group>";
		};
		C1BF604E1FAAE70E00E65378 /* Utilities */ = {
			isa = PBXGroup;
			children = (
				C1BF60531FAAEC6900E65378 /* Respones.swift */,
				C1BF60511FAAEA1100E65378 /* NetworkWrapper.swift */,
				C1BF604F1FAAE73A00E65378 /* Constants.swift */,
				C1A869FF1FAB456C00FF4C9D /* Utilities.swift */,
				C1A86A091FAB54DE00FF4C9D /* UILable+Animation.swift */,
			);
			path = Utilities;
			sourceTree = "<group>";
		};
		C1BF60581FAAFB6000E65378 /* Model */ = {
			isa = PBXGroup;
			children = (
				C1BF60621FAB084F00E65378 /* WeatherModel.swift */,
			);
			path = Model;
			sourceTree = "<group>";
		};
		C1BF605F1FAB081500E65378 /* Downloaders */ = {
			isa = PBXGroup;
			children = (
				C1BF60601FAB081500E65378 /* CitiesDownloader.swift */,
			);
			path = Downloaders;
			sourceTree = "<group>";
		};
/* End PBXGroup section */

/* Begin PBXNativeTarget section */
		C1BF60381FAADE8500E65378 /* CodingStandard */ = {
			isa = PBXNativeTarget;
			buildConfigurationList = C1BF604B1FAADE8500E65378 /* Build configuration list for PBXNativeTarget "CodingStandard" */;
			buildPhases = (
				10BCD6337987468357C0D06C /* [CP] Check Pods Manifest.lock */,
				C1BF60351FAADE8500E65378 /* Sources */,
				C1BF60361FAADE8500E65378 /* Frameworks */,
				C1BF60371FAADE8500E65378 /* Resources */,
				6D814663BF938E6D27ED17E9 /* [CP] Embed Pods Frameworks */,
				9DAA9764E0C45B17C5B449BE /* [CP] Copy Pods Resources */,
			);
			buildRules = (
			);
			dependencies = (
			);
			name = CodingStandard;
			productName = CodingStandard;
			productReference = C1BF60391FAADE8500E65378 /* CodingStandard.app */;
			productType = "com.apple.product-type.application";
		};
/* End PBXNativeTarget section */

/* Begin PBXProject section */
		C1BF60311FAADE8500E65378 /* Project object */ = {
			isa = PBXProject;
			attributes = {
				LastSwiftUpdateCheck = 0900;
				LastUpgradeCheck = 0900;
				ORGANIZATIONNAME = "Rushikesh Talokar";
				TargetAttributes = {
					C1BF60381FAADE8500E65378 = {
						CreatedOnToolsVersion = 9.0;
						ProvisioningStyle = Automatic;
					};
				};
			};
			buildConfigurationList = C1BF60341FAADE8500E65378 /* Build configuration list for PBXProject "CodingStandard" */;
			compatibilityVersion = "Xcode 8.0";
			developmentRegion = en;
			hasScannedForEncodings = 0;
			knownRegions = (
				en,
				Base,
			);
			mainGroup = C1BF60301FAADE8500E65378;
			productRefGroup = C1BF603A1FAADE8500E65378 /* Products */;
			projectDirPath = "";
			projectRoot = "";
			targets = (
				C1BF60381FAADE8500E65378 /* CodingStandard */,
			);
		};
/* End PBXProject section */

/* Begin PBXResourcesBuildPhase section */
		C1BF60371FAADE8500E65378 /* Resources */ = {
			isa = PBXResourcesBuildPhase;
			buildActionMask = 2147483647;
			files = (
				C1BF60471FAADE8500E65378 /* LaunchScreen.storyboard in Resources */,
				C1BF60441FAADE8500E65378 /* Assets.xcassets in Resources */,
				C1BF60421FAADE8500E65378 /* Main.storyboard in Resources */,
			);
			runOnlyForDeploymentPostprocessing = 0;
		};
/* End PBXResourcesBuildPhase section */

/* Begin PBXShellScriptBuildPhase section */
		10BCD6337987468357C0D06C /* [CP] Check Pods Manifest.lock */ = {
			isa = PBXShellScriptBuildPhase;
			buildActionMask = 2147483647;
			files = (
			);
			inputPaths = (
				"${PODS_PODFILE_DIR_PATH}/Podfile.lock",
				"${PODS_ROOT}/Manifest.lock",
			);
			name = "[CP] Check Pods Manifest.lock";
			outputPaths = (
				"$(DERIVED_FILE_DIR)/Pods-CodingStandard-checkManifestLockResult.txt",
			);
			runOnlyForDeploymentPostprocessing = 0;
			shellPath = /bin/sh;
			shellScript = "diff \"${PODS_PODFILE_DIR_PATH}/Podfile.lock\" \"${PODS_ROOT}/Manifest.lock\" > /dev/null\nif [ $? != 0 ] ; then\n    # print error to STDERR\n    echo \"error: The sandbox is not in sync with the Podfile.lock. Run 'pod install' or update your CocoaPods installation.\" >&2\n    exit 1\nfi\n# This output is used by Xcode 'outputs' to avoid re-running this script phase.\necho \"SUCCESS\" > \"${SCRIPT_OUTPUT_FILE_0}\"\n";
			showEnvVarsInLog = 0;
		};
		6D814663BF938E6D27ED17E9 /* [CP] Embed Pods Frameworks */ = {
			isa = PBXShellScriptBuildPhase;
			buildActionMask = 2147483647;
			files = (
			);
			inputPaths = (
				"${SRCROOT}/Pods/Target Support Files/Pods-CodingStandard/Pods-CodingStandard-frameworks.sh",
				"${BUILT_PRODUCTS_DIR}/Alamofire/Alamofire.framework",
				"${BUILT_PRODUCTS_DIR}/EFCountingLabel/EFCountingLabel.framework",
				"${BUILT_PRODUCTS_DIR}/PKHUD/PKHUD.framework",
			);
			name = "[CP] Embed Pods Frameworks";
			outputPaths = (
				"${TARGET_BUILD_DIR}/${FRAMEWORKS_FOLDER_PATH}/Alamofire.framework",
				"${TARGET_BUILD_DIR}/${FRAMEWORKS_FOLDER_PATH}/EFCountingLabel.framework",
				"${TARGET_BUILD_DIR}/${FRAMEWORKS_FOLDER_PATH}/PKHUD.framework",
			);
			runOnlyForDeploymentPostprocessing = 0;
			shellPath = /bin/sh;
			shellScript = "\"${SRCROOT}/Pods/Target Support Files/Pods-CodingStandard/Pods-CodingStandard-frameworks.sh\"\n";
			showEnvVarsInLog = 0;
		};
		9DAA9764E0C45B17C5B449BE /* [CP] Copy Pods Resources */ = {
			isa = PBXShellScriptBuildPhase;
			buildActionMask = 2147483647;
			files = (
			);
			inputPaths = (
			);
			name = "[CP] Copy Pods Resources";
			outputPaths = (
			);
			runOnlyForDeploymentPostprocessing = 0;
			shellPath = /bin/sh;
			shellScript = "\"${SRCROOT}/Pods/Target Support Files/Pods-CodingStandard/Pods-CodingStandard-resources.sh\"\n";
			showEnvVarsInLog = 0;
		};
/* End PBXShellScriptBuildPhase section */

/* Begin PBXSourcesBuildPhase section */
		C1BF60351FAADE8500E65378 /* Sources */ = {
			isa = PBXSourcesBuildPhase;
			buildActionMask = 2147483647;
			files = (
				C1A86A0A1FAB54DE00FF4C9D /* UILable+Animation.swift in Sources */,
				C1BF603D1FAADE8500E65378 /* AppDelegate.swift in Sources */,
				C1BF60611FAB081600E65378 /* CitiesDownloader.swift in Sources */,
				C1BF60521FAAEA1200E65378 /* NetworkWrapper.swift in Sources */,
				C1A86A061FAB473500FF4C9D /* CitiesListVC.swift in Sources */,
				C1BF60541FAAEC6900E65378 /* Respones.swift in Sources */,
				C1A86A081FAB473500FF4C9D /* CityWeatherCell.swift in Sources */,
				C1BF60631FAB084F00E65378 /* WeatherModel.swift in Sources */,
				C1A86A001FAB456C00FF4C9D /* Utilities.swift in Sources */,
				C1A86A071FAB473500FF4C9D /* WeatherDetailsVC.swift in Sources */,
				C1BF60501FAAE73A00E65378 /* Constants.swift in Sources */,
			);
			runOnlyForDeploymentPostprocessing = 0;
		};
/* End PBXSourcesBuildPhase section */

/* Begin PBXVariantGroup section */
		C1BF60401FAADE8500E65378 /* Main.storyboard */ = {
			isa = PBXVariantGroup;
			children = (
				C1BF60411FAADE8500E65378 /* Base */,
			);
			name = Main.storyboard;
			sourceTree = "<group>";
		};
		C1BF60451FAADE8500E65378 /* LaunchScreen.storyboard */ = {
			isa = PBXVariantGroup;
			children = (
				C1BF60461FAADE8500E65378 /* Base */,
			);
			name = LaunchScreen.storyboard;
			sourceTree = "<group>";
		};
/* End PBXVariantGroup section */

/* Begin XCBuildConfiguration section */
		C1BF60491FAADE8500E65378 /* Debug */ = {
			isa = XCBuildConfiguration;
			buildSettings = {
				ALWAYS_SEARCH_USER_PATHS = NO;
				CLANG_ANALYZER_NONNULL = YES;
				CLANG_ANALYZER_NUMBER_OBJECT_CONVERSION = YES_AGGRESSIVE;
				CLANG_CXX_LANGUAGE_STANDARD = "gnu++14";
				CLANG_CXX_LIBRARY = "libc++";
				CLANG_ENABLE_MODULES = YES;
				CLANG_ENABLE_OBJC_ARC = YES;
				CLANG_WARN_BLOCK_CAPTURE_AUTORELEASING = YES;
				CLANG_WARN_BOOL_CONVERSION = YES;
				CLANG_WARN_COMMA = YES;
				CLANG_WARN_CONSTANT_CONVERSION = YES;
				CLANG_WARN_DIRECT_OBJC_ISA_USAGE = YES_ERROR;
				CLANG_WARN_DOCUMENTATION_COMMENTS = YES;
				CLANG_WARN_EMPTY_BODY = YES;
				CLANG_WARN_ENUM_CONVERSION = YES;
				CLANG_WARN_INFINITE_RECURSION = YES;
				CLANG_WARN_INT_CONVERSION = YES;
				CLANG_WARN_NON_LITERAL_NULL_CONVERSION = YES;
				CLANG_WARN_OBJC_LITERAL_CONVERSION = YES;
				CLANG_WARN_OBJC_ROOT_CLASS = YES_ERROR;
				CLANG_WARN_RANGE_LOOP_ANALYSIS = YES;
				CLANG_WARN_STRICT_PROTOTYPES = YES;
				CLANG_WARN_SUSPICIOUS_MOVE = YES;
				CLANG_WARN_UNGUARDED_AVAILABILITY = YES_AGGRESSIVE;
				CLANG_WARN_UNREACHABLE_CODE = YES;
				CLANG_WARN__DUPLICATE_METHOD_MATCH = YES;
				CODE_SIGN_IDENTITY = "iPhone Developer";
				COPY_PHASE_STRIP = NO;
				DEBUG_INFORMATION_FORMAT = dwarf;
				ENABLE_STRICT_OBJC_MSGSEND = YES;
				ENABLE_TESTABILITY = YES;
				GCC_C_LANGUAGE_STANDARD = gnu11;
				GCC_DYNAMIC_NO_PIC = NO;
				GCC_NO_COMMON_BLOCKS = YES;
				GCC_OPTIMIZATION_LEVEL = 0;
				GCC_PREPROCESSOR_DEFINITIONS = (
					"DEBUG=1",
					"$(inherited)",
				);
				GCC_WARN_64_TO_32_BIT_CONVERSION = YES;
				GCC_WARN_ABOUT_RETURN_TYPE = YES_ERROR;
				GCC_WARN_UNDECLARED_SELECTOR = YES;
				GCC_WARN_UNINITIALIZED_AUTOS = YES_AGGRESSIVE;
				GCC_WARN_UNUSED_FUNCTION = YES;
				GCC_WARN_UNUSED_VARIABLE = YES;
				IPHONEOS_DEPLOYMENT_TARGET = 11.0;
				MTL_ENABLE_DEBUG_INFO = YES;
				ONLY_ACTIVE_ARCH = YES;
				SDKROOT = iphoneos;
				SWIFT_ACTIVE_COMPILATION_CONDITIONS = DEBUG;
				SWIFT_OPTIMIZATION_LEVEL = "-Onone";
			};
			name = Debug;
		};
		C1BF604A1FAADE8500E65378 /* Release */ = {
			isa = XCBuildConfiguration;
			buildSettings = {
				ALWAYS_SEARCH_USER_PATHS = NO;
				CLANG_ANALYZER_NONNULL = YES;
				CLANG_ANALYZER_NUMBER_OBJECT_CONVERSION = YES_AGGRESSIVE;
				CLANG_CXX_LANGUAGE_STANDARD = "gnu++14";
				CLANG_CXX_LIBRARY = "libc++";
				CLANG_ENABLE_MODULES = YES;
				CLANG_ENABLE_OBJC_ARC = YES;
				CLANG_WARN_BLOCK_CAPTURE_AUTORELEASING = YES;
				CLANG_WARN_BOOL_CONVERSION = YES;
				CLANG_WARN_COMMA = YES;
				CLANG_WARN_CONSTANT_CONVERSION = YES;
				CLANG_WARN_DIRECT_OBJC_ISA_USAGE = YES_ERROR;
				CLANG_WARN_DOCUMENTATION_COMMENTS = YES;
				CLANG_WARN_EMPTY_BODY = YES;
				CLANG_WARN_ENUM_CONVERSION = YES;
				CLANG_WARN_INFINITE_RECURSION = YES;
				CLANG_WARN_INT_CONVERSION = YES;
				CLANG_WARN_NON_LITERAL_NULL_CONVERSION = YES;
				CLANG_WARN_OBJC_LITERAL_CONVERSION = YES;
				CLANG_WARN_OBJC_ROOT_CLASS = YES_ERROR;
				CLANG_WARN_RANGE_LOOP_ANALYSIS = YES;
				CLANG_WARN_STRICT_PROTOTYPES = YES;
				CLANG_WARN_SUSPICIOUS_MOVE = YES;
				CLANG_WARN_UNGUARDED_AVAILABILITY = YES_AGGRESSIVE;
				CLANG_WARN_UNREACHABLE_CODE = YES;
				CLANG_WARN__DUPLICATE_METHOD_MATCH = YES;
				CODE_SIGN_IDENTITY = "iPhone Developer";
				COPY_PHASE_STRIP = NO;
				DEBUG_INFORMATION_FORMAT = "dwarf-with-dsym";
				ENABLE_NS_ASSERTIONS = NO;
				ENABLE_STRICT_OBJC_MSGSEND = YES;
				GCC_C_LANGUAGE_STANDARD = gnu11;
				GCC_NO_COMMON_BLOCKS = YES;
				GCC_WARN_64_TO_32_BIT_CONVERSION = YES;
				GCC_WARN_ABOUT_RETURN_TYPE = YES_ERROR;
				GCC_WARN_UNDECLARED_SELECTOR = YES;
				GCC_WARN_UNINITIALIZED_AUTOS = YES_AGGRESSIVE;
				GCC_WARN_UNUSED_FUNCTION = YES;
				GCC_WARN_UNUSED_VARIABLE = YES;
				IPHONEOS_DEPLOYMENT_TARGET = 11.0;
				MTL_ENABLE_DEBUG_INFO = NO;
				SDKROOT = iphoneos;
				SWIFT_OPTIMIZATION_LEVEL = "-Owholemodule";
				VALIDATE_PRODUCT = YES;
			};
			name = Release;
		};
		C1BF604C1FAADE8500E65378 /* Debug */ = {
			isa = XCBuildConfiguration;
			baseConfigurationReference = 6D92555ECCD543F1FE376BCA /* Pods-CodingStandard.debug.xcconfig */;
			buildSettings = {
				ASSETCATALOG_COMPILER_APPICON_NAME = AppIcon;
				CODE_SIGN_STYLE = Automatic;
				DEVELOPMENT_TEAM = G8A49J8649;
				INFOPLIST_FILE = CodingStandard/Info.plist;
				LD_RUNPATH_SEARCH_PATHS = "$(inherited) @executable_path/Frameworks";
				PRODUCT_BUNDLE_IDENTIFIER = com.demo.CodingStandard;
				PRODUCT_NAME = "$(TARGET_NAME)";
				SWIFT_VERSION = 4.0;
				TARGETED_DEVICE_FAMILY = "1,2";
			};
			name = Debug;
		};
		C1BF604D1FAADE8500E65378 /* Release */ = {
			isa = XCBuildConfiguration;
			baseConfigurationReference = AD97AF5BAD6D7F15DC4757C9 /* Pods-CodingStandard.release.xcconfig */;
			buildSettings = {
				ASSETCATALOG_COMPILER_APPICON_NAME = AppIcon;
				CODE_SIGN_STYLE = Automatic;
				DEVELOPMENT_TEAM = G8A49J8649;
				INFOPLIST_FILE = CodingStandard/Info.plist;
				LD_RUNPATH_SEARCH_PATHS = "$(inherited) @executable_path/Frameworks";
				PRODUCT_BUNDLE_IDENTIFIER = com.demo.CodingStandard;
				PRODUCT_NAME = "$(TARGET_NAME)";
				SWIFT_VERSION = 4.0;
				TARGETED_DEVICE_FAMILY = "1,2";
			};
			name = Release;
		};
/* End XCBuildConfiguration section */

/* Begin XCConfigurationList section */
		C1BF60341FAADE8500E65378 /* Build configuration list for PBXProject "CodingStandard" */ = {
			isa = XCConfigurationList;
			buildConfigurations = (
				C1BF60491FAADE8500E65378 /* Debug */,
				C1BF604A1FAADE8500E65378 /* Release */,
			);
			defaultConfigurationIsVisible = 0;
			defaultConfigurationName = Release;
		};
		C1BF604B1FAADE8500E65378 /* Build configuration list for PBXNativeTarget "CodingStandard" */ = {
			isa = XCConfigurationList;
			buildConfigurations = (
				C1BF604C1FAADE8500E65378 /* Debug */,
				C1BF604D1FAADE8500E65378 /* Release */,
			);
			defaultConfigurationIsVisible = 0;
			defaultConfigurationName = Release;
		};
/* End XCConfigurationList section */
	};
	rootObject = C1BF60311FAADE8500E65378 /* Project object */;
}
